# This file was autogenerated by Stack.
# You should not edit this file by hand.
# For more information, please see the documentation at:
#   https://docs.haskellstack.org/en/stable/lock_files

packages:
- completed:
    size: 145704
    subdir: library
    url: https://github.com/alpacaaa/zero-bullshit-haskell/archive/master.tar.gz
    name: zero-bullshit
    version: 0.1.0.0
    sha256: 546f79271576989ba56c43a16e669da834cc691ef83fb4cb44fecb297988bb3a
    pantry-tree:
      size: 281
      sha256: 2be330181b8662ad26cd99825c1ac7606518b111bcf98713135fe8f29b9864f3
  original:
    subdir: library
    url: https://github.com/alpacaaa/zero-bullshit-haskell/archive/master.tar.gz
snapshots:
- completed:
    size: 619399
    url: https://raw.githubusercontent.com/commercialhaskell/stackage-snapshots/master/lts/19/23.yaml
    sha256: f5d9002479d87103fd070f17cfe71fcd2147676f1e47a2dabca5ab91a42b846d
  original:
    url: https://raw.githubusercontent.com/commercialhaskell/stackage-snapshots/master/lts/19/23.yaml
